
Microsoft Visual Studio Solution File, Format Version 12.00
# Visual Studio Version 16
VisualStudioVersion = 16.0.31624.102
MinimumVisualStudioVersion = 10.0.40219.1
Project("{9A19103F-16F7-4668-BE54-9A1E7A4F7556}") = "WebSongs", "WebSongs\WebSongs.csproj", "{DEF13CD2-62C4-4941-B51B-7A836799A7D4}"
EndProject
Project("{FAE04EC0-301F-11D3-BF4B-00C04F79EFBC}") = "SongsApiWeb", "SongsApiWeb\SongsApiWeb.csproj", "{972FB514-C542-4590-BF82-6F8EE3B21B0F}"
EndProject
Global
	GlobalSection(SolutionConfigurationPlatforms) = preSolution
		Debug|Any CPU = Debug|Any CPU
		Release|Any CPU = Release|Any CPU
	EndGlobalSection
	GlobalSection(ProjectConfigurationPlatforms) = postSolution
		{DEF13CD2-62C4-4941-B51B-7A836799A7D4}.Debug|Any CPU.ActiveCfg = Debug|Any CPU
		{DEF13CD2-62C4-4941-B51B-7A836799A7D4}.Debug|Any CPU.Build.0 = Debug|Any CPU
		{DEF13CD2-62C4-4941-B51B-7A836799A7D4}.Release|Any CPU.ActiveCfg = Release|Any CPU
		{DEF13CD2-62C4-4941-B51B-7A836799A7D4}.Release|Any CPU.Build.0 = Release|Any CPU
		{972FB514-C542-4590-BF82-6F8EE3B21B0F}.Debug|Any CPU.ActiveCfg = Debug|Any CPU
		{972FB514-C542-4590-BF82-6F8EE3B21B0F}.Debug|Any CPU.Build.0 = Debug|Any CPU
		{972FB514-C542-4590-BF82-6F8EE3B21B0F}.Release|Any CPU.ActiveCfg = Release|Any CPU
		{972FB514-C542-4590-BF82-6F8EE3B21B0F}.Release|Any CPU.Build.0 = Release|Any CPU
	EndGlobalSection
	GlobalSection(SolutionProperties) = preSolution
		HideSolutionNode = FALSE
	EndGlobalSection
	GlobalSection(ExtensibilityGlobals) = postSolution
		SolutionGuid = {D7154941-E710-426B-B702-AE67FE606943}
	EndGlobalSection
EndGlobal
